
Microsoft Visual Studio Solution File, Format Version 12.00
Project("{FAE04EC0-301F-11D3-BF4B-00C04F79EFBC}") = "TinyWebSocket", "TinyWebSocket\TinyWebSocket.csproj", "{EA295012-0687-42DB-A70D-7E0347507C32}"
EndProject
Global
	GlobalSection(SolutionConfigurationPlatforms) = preSolution
		Debug|Any CPU = Debug|Any CPU
		Release|Any CPU = Release|Any CPU
	EndGlobalSection
	GlobalSection(ProjectConfigurationPlatforms) = postSolution
		{EA295012-0687-42DB-A70D-7E0347507C32}.Debug|Any CPU.ActiveCfg = Debug|Any CPU
		{EA295012-0687-42DB-A70D-7E0347507C32}.Debug|Any CPU.Build.0 = Debug|Any CPU
		{EA295012-0687-42DB-A70D-7E0347507C32}.Release|Any CPU.ActiveCfg = Release|Any CPU
		{EA295012-0687-42DB-A70D-7E0347507C32}.Release|Any CPU.Build.0 = Release|Any CPU
	EndGlobalSection
EndGlobal
